--- 
dependencies: 
  ruby-debug: 
    group: 
    - :test
    version: ">= 0"
  mongo: 
    group: 
    - :default
    version: = 0.18.3
    require: []

  mongrel: 
    group: 
    - :developement
    version: ">= 0"
  mongo_mapper: 
    group: 
    - :default
    version: = 0.7
  rails: 
    group: 
    - :default
    version: ~> 2.3.5
    require: []

  mongo_ext: 
    group: 
    - :default
    version: = 0.18.3
    require: []

  haml: 
    group: 
    - :default
    version: ">= 0"
  formtastic: 
    group: 
    - :default
    version: ">= 0"
  devise: 
    group: 
    - :default
    version: ">= 0"
  warden: 
    group: 
    - :default
    version: ">= 0"
specs: 
- activesupport: 
    version: 2.3.5
- daemons: 
    version: 1.0.10
- linecache: 
    version: "0.43"
- ruby-debug-base: 
    version: 0.10.3
- devise: 
    version: 1.0.0
- formtastic: 
    version: 0.9.7
- cgi_multipart_eof_fix: 
    version: 2.5.0
- gem_plugin: 
    version: 0.2.3
- jnunemaker-validatable: 
    version: 1.8.1
- mongo_ext: 
    version: 0.18.3
- rake: 
    version: 0.8.7
- haml: 
    version: 2.2.19
- activerecord: 
    version: 2.3.5
- columnize: 
    version: 0.3.1
- fastthread: 
    version: 1.0.7
- mongrel: 
    version: 1.1.5
- rack: 
    version: 1.0.1
- warden: 
    version: 0.9.2
- actionpack: 
    version: 2.3.5
- actionmailer: 
    version: 2.3.5
- mongo: 
    version: 0.18.3
- mongo_mapper: 
    version: 0.7.0
- ruby-debug: 
    version: 0.10.3
- activeresource: 
    version: 2.3.5
- rails: 
    version: 2.3.5
hash: 778b0c7628849db2e4070c722f899ea38ec78e93
sources: 
- Rubygems: 
    uri: http://gemcutter.org
